// !$*UTF8*$!
{
	archiveVersion = 1;
	classes = {
	};
	objectVersion = 51;
	objects = {

/* Begin PBXBuildFile section */
		55D843B441C67F65D2C1BE78 /* Pods_Characters.framework in Frameworks */ = {isa = PBXBuildFile; fileRef = 8C8B59A039369C01E4FAF667 /* Pods_Characters.framework */; };
		B8036B9E2363798300792E59 /* AppDelegate.swift in Sources */ = {isa = PBXBuildFile; fileRef = B8036B9D2363798300792E59 /* AppDelegate.swift */; };
		B8036BA02363798300792E59 /* MasterViewController.swift in Sources */ = {isa = PBXBuildFile; fileRef = B8036B9F2363798300792E59 /* MasterViewController.swift */; };
		B8036BA22363798300792E59 /* DetailViewController.swift in Sources */ = {isa = PBXBuildFile; fileRef = B8036BA12363798300792E59 /* DetailViewController.swift */; };
		B8036BA52363798300792E59 /* Main.storyboard in Resources */ = {isa = PBXBuildFile; fileRef = B8036BA32363798300792E59 /* Main.storyboard */; };
		B8036BA72363798500792E59 /* Assets.xcassets in Resources */ = {isa = PBXBuildFile; fileRef = B8036BA62363798500792E59 /* Assets.xcassets */; };
		B8036BAA2363798500792E59 /* LaunchScreen.storyboard in Resources */ = {isa = PBXBuildFile; fileRef = B8036BA82363798500792E59 /* LaunchScreen.storyboard */; };
		B8036BB623639A2A00792E59 /* UseCase.swift in Sources */ = {isa = PBXBuildFile; fileRef = B8036BB523639A2A00792E59 /* UseCase.swift */; };
		B8036BB92364120100792E59 /* CharactersModel.swift in Sources */ = {isa = PBXBuildFile; fileRef = B8036BB82364120100792E59 /* CharactersModel.swift */; };
/* End PBXBuildFile section */

/* Begin PBXFileReference section */
		12AE87CA24F425B769786A9C /* Pods-Characters.simpsonscharacters.xcconfig */ = {isa = PBXFileReference; includeInIndex = 1; lastKnownFileType = text.xcconfig; name = "Pods-Characters.simpsonscharacters.xcconfig"; path = "Target Support Files/Pods-Characters/Pods-Characters.simpsonscharacters.xcconfig"; sourceTree = "<group>"; };
		4F87B4274590B90BB45D4924 /* Pods-Characters.release.xcconfig */ = {isa = PBXFileReference; includeInIndex = 1; lastKnownFileType = text.xcconfig; name = "Pods-Characters.release.xcconfig"; path = "Target Support Files/Pods-Characters/Pods-Characters.release.xcconfig"; sourceTree = "<group>"; };
		542F2821F49E9076BDAA4194 /* Pods-Characters.debug.xcconfig */ = {isa = PBXFileReference; includeInIndex = 1; lastKnownFileType = text.xcconfig; name = "Pods-Characters.debug.xcconfig"; path = "Target Support Files/Pods-Characters/Pods-Characters.debug.xcconfig"; sourceTree = "<group>"; };
		72D3367D2D3C0E13893BF27A /* Pods-Characters.wirecharacters.xcconfig */ = {isa = PBXFileReference; includeInIndex = 1; lastKnownFileType = text.xcconfig; name = "Pods-Characters.wirecharacters.xcconfig"; path = "Target Support Files/Pods-Characters/Pods-Characters.wirecharacters.xcconfig"; sourceTree = "<group>"; };
		8C8B59A039369C01E4FAF667 /* Pods_Characters.framework */ = {isa = PBXFileReference; explicitFileType = wrapper.framework; includeInIndex = 0; path = Pods_Characters.framework; sourceTree = BUILT_PRODUCTS_DIR; };
		B8036B9A2363798300792E59 /* Characters.app */ = {isa = PBXFileReference; explicitFileType = wrapper.application; includeInIndex = 0; path = Characters.app; sourceTree = BUILT_PRODUCTS_DIR; };
		B8036B9D2363798300792E59 /* AppDelegate.swift */ = {isa = PBXFileReference; lastKnownFileType = sourcecode.swift; path = AppDelegate.swift; sourceTree = "<group>"; };
		B8036B9F2363798300792E59 /* MasterViewController.swift */ = {isa = PBXFileReference; lastKnownFileType = sourcecode.swift; path = MasterViewController.swift; sourceTree = "<group>"; };
		B8036BA12363798300792E59 /* DetailViewController.swift */ = {isa = PBXFileReference; lastKnownFileType = sourcecode.swift; path = DetailViewController.swift; sourceTree = "<group>"; };
		B8036BA42363798300792E59 /* Base */ = {isa = PBXFileReference; lastKnownFileType = file.storyboard; name = Base; path = Base.lproj/Main.storyboard; sourceTree = "<group>"; };
		B8036BA62363798500792E59 /* Assets.xcassets */ = {isa = PBXFileReference; lastKnownFileType = folder.assetcatalog; path = Assets.xcassets; sourceTree = "<group>"; };
		B8036BA92363798500792E59 /* Base */ = {isa = PBXFileReference; lastKnownFileType = file.storyboard; name = Base; path = Base.lproj/LaunchScreen.storyboard; sourceTree = "<group>"; };
		B8036BAB2363798500792E59 /* Info.plist */ = {isa = PBXFileReference; lastKnownFileType = text.plist.xml; path = Info.plist; sourceTree = "<group>"; };
		B8036BB523639A2A00792E59 /* UseCase.swift */ = {isa = PBXFileReference; lastKnownFileType = sourcecode.swift; path = UseCase.swift; sourceTree = "<group>"; };
		B8036BB82364120100792E59 /* CharactersModel.swift */ = {isa = PBXFileReference; lastKnownFileType = sourcecode.swift; path = CharactersModel.swift; sourceTree = "<group>"; };
/* End PBXFileReference section */

/* Begin PBXFrameworksBuildPhase section */
		B8036B972363798300792E59 /* Frameworks */ = {
			isa = PBXFrameworksBuildPhase;
			buildActionMask = 2147483647;
			files = (
				55D843B441C67F65D2C1BE78 /* Pods_Characters.framework in Frameworks */,
			);
			runOnlyForDeploymentPostprocessing = 0;
		};
/* End PBXFrameworksBuildPhase section */

/* Begin PBXGroup section */
		10811BC7F1BBD824BEE35143 /* Pods */ = {
			isa = PBXGroup;
			children = (
				542F2821F49E9076BDAA4194 /* Pods-Characters.debug.xcconfig */,
				72D3367D2D3C0E13893BF27A /* Pods-Characters.wirecharacters.xcconfig */,
				12AE87CA24F425B769786A9C /* Pods-Characters.simpsonscharacters.xcconfig */,
				4F87B4274590B90BB45D4924 /* Pods-Characters.release.xcconfig */,
			);
			path = Pods;
			sourceTree = "<group>";
		};
		1306869B8458D02122E4C284 /* Frameworks */ = {
			isa = PBXGroup;
			children = (
				8C8B59A039369C01E4FAF667 /* Pods_Characters.framework */,
			);
			name = Frameworks;
			sourceTree = "<group>";
		};
		B8036B912363798300792E59 = {
			isa = PBXGroup;
			children = (
				B8036B9C2363798300792E59 /* Characters */,
				B8036B9B2363798300792E59 /* Products */,
				10811BC7F1BBD824BEE35143 /* Pods */,
				1306869B8458D02122E4C284 /* Frameworks */,
			);
			sourceTree = "<group>";
		};
		B8036B9B2363798300792E59 /* Products */ = {
			isa = PBXGroup;
			children = (
				B8036B9A2363798300792E59 /* Characters.app */,
			);
			name = Products;
			sourceTree = "<group>";
		};
		B8036B9C2363798300792E59 /* Characters */ = {
			isa = PBXGroup;
			children = (
				B8036B9D2363798300792E59 /* AppDelegate.swift */,
				B8036BB7236410C600792E59 /* Model */,
				B8036BBD2364515300792E59 /* UseCase */,
				B8036BBC2364513100792E59 /* ViewControllers */,
				B8036BBB2364512700792E59 /* Storyboards */,
				B8036BA62363798500792E59 /* Assets.xcassets */,
				B8036BA82363798500792E59 /* LaunchScreen.storyboard */,
				B8036BAB2363798500792E59 /* Info.plist */,
			);
			path = Characters;
			sourceTree = "<group>";
		};
		B8036BB7236410C600792E59 /* Model */ = {
			isa = PBXGroup;
			children = (
				B8036BB82364120100792E59 /* CharactersModel.swift */,
			);
			path = Model;
			sourceTree = "<group>";
		};
		B8036BBB2364512700792E59 /* Storyboards */ = {
			isa = PBXGroup;
			children = (
				B8036BA32363798300792E59 /* Main.storyboard */,
			);
			path = Storyboards;
			sourceTree = "<group>";
		};
		B8036BBC2364513100792E59 /* ViewControllers */ = {
			isa = PBXGroup;
			children = (
				B8036B9F2363798300792E59 /* MasterViewController.swift */,
				B8036BA12363798300792E59 /* DetailViewController.swift */,
			);
			path = ViewControllers;
			sourceTree = "<group>";
		};
		B8036BBD2364515300792E59 /* UseCase */ = {
			isa = PBXGroup;
			children = (
				B8036BB523639A2A00792E59 /* UseCase.swift */,
			);
			path = UseCase;
			sourceTree = "<group>";
		};
/* End PBXGroup section */

/* Begin PBXNativeTarget section */
		B8036B992363798300792E59 /* Characters */ = {
			isa = PBXNativeTarget;
			buildConfigurationList = B8036BAE2363798500792E59 /* Build configuration list for PBXNativeTarget "Characters" */;
			buildPhases = (
				43A517CC9B82F91496269411 /* [CP] Check Pods Manifest.lock */,
				B8036B962363798300792E59 /* Sources */,
				B8036B972363798300792E59 /* Frameworks */,
				B8036B982363798300792E59 /* Resources */,
				0CE8E362382CBE9084E64854 /* [CP] Embed Pods Frameworks */,
			);
			buildRules = (
			);
			dependencies = (
			);
			name = Characters;
			productName = Characters;
			productReference = B8036B9A2363798300792E59 /* Characters.app */;
			productType = "com.apple.product-type.application";
		};
/* End PBXNativeTarget section */

/* Begin PBXProject section */
		B8036B922363798300792E59 /* Project object */ = {
			isa = PBXProject;
			attributes = {
				LastSwiftUpdateCheck = 1030;
				LastUpgradeCheck = 1030;
				ORGANIZATIONNAME = Sujananth;
				TargetAttributes = {
					B8036B992363798300792E59 = {
						CreatedOnToolsVersion = 10.3;
					};
				};
			};
			buildConfigurationList = B8036B952363798300792E59 /* Build configuration list for PBXProject "Characters" */;
			compatibilityVersion = "Xcode 9.3";
			developmentRegion = en;
			hasScannedForEncodings = 0;
			knownRegions = (
				en,
				Base,
			);
			mainGroup = B8036B912363798300792E59;
			productRefGroup = B8036B9B2363798300792E59 /* Products */;
			projectDirPath = "";
			projectRoot = "";
			targets = (
				B8036B992363798300792E59 /* Characters */,
			);
		};
/* End PBXProject section */

/* Begin PBXResourcesBuildPhase section */
		B8036B982363798300792E59 /* Resources */ = {
			isa = PBXResourcesBuildPhase;
			buildActionMask = 2147483647;
			files = (
				B8036BAA2363798500792E59 /* LaunchScreen.storyboard in Resources */,
				B8036BA72363798500792E59 /* Assets.xcassets in Resources */,
				B8036BA52363798300792E59 /* Main.storyboard in Resources */,
			);
			runOnlyForDeploymentPostprocessing = 0;
		};
/* End PBXResourcesBuildPhase section */

/* Begin PBXShellScriptBuildPhase section */
		0CE8E362382CBE9084E64854 /* [CP] Embed Pods Frameworks */ = {
			isa = PBXShellScriptBuildPhase;
			buildActionMask = 2147483647;
			files = (
			);
			inputFileListPaths = (
				"${PODS_ROOT}/Target Support Files/Pods-Characters/Pods-Characters-frameworks-${CONFIGURATION}-input-files.xcfilelist",
			);
			name = "[CP] Embed Pods Frameworks";
			outputFileListPaths = (
				"${PODS_ROOT}/Target Support Files/Pods-Characters/Pods-Characters-frameworks-${CONFIGURATION}-output-files.xcfilelist",
			);
			runOnlyForDeploymentPostprocessing = 0;
			shellPath = /bin/sh;
			shellScript = "\"${PODS_ROOT}/Target Support Files/Pods-Characters/Pods-Characters-frameworks.sh\"\n";
			showEnvVarsInLog = 0;
		};
		43A517CC9B82F91496269411 /* [CP] Check Pods Manifest.lock */ = {
			isa = PBXShellScriptBuildPhase;
			buildActionMask = 2147483647;
			files = (
			);
			inputFileListPaths = (
			);
			inputPaths = (
				"${PODS_PODFILE_DIR_PATH}/Podfile.lock",
				"${PODS_ROOT}/Manifest.lock",
			);
			name = "[CP] Check Pods Manifest.lock";
			outputFileListPaths = (
			);
			outputPaths = (
				"$(DERIVED_FILE_DIR)/Pods-Characters-checkManifestLockResult.txt",
			);
			runOnlyForDeploymentPostprocessing = 0;
			shellPath = /bin/sh;
			shellScript = "diff \"${PODS_PODFILE_DIR_PATH}/Podfile.lock\" \"${PODS_ROOT}/Manifest.lock\" > /dev/null\nif [ $? != 0 ] ; then\n    # print error to STDERR\n    echo \"error: The sandbox is not in sync with the Podfile.lock. Run 'pod install' or update your CocoaPods installation.\" >&2\n    exit 1\nfi\n# This output is used by Xcode 'outputs' to avoid re-running this script phase.\necho \"SUCCESS\" > \"${SCRIPT_OUTPUT_FILE_0}\"\n";
			showEnvVarsInLog = 0;
		};
/* End PBXShellScriptBuildPhase section */

/* Begin PBXSourcesBuildPhase section */
		B8036B962363798300792E59 /* Sources */ = {
			isa = PBXSourcesBuildPhase;
			buildActionMask = 2147483647;
			files = (
				B8036BA22363798300792E59 /* DetailViewController.swift in Sources */,
				B8036BB623639A2A00792E59 /* UseCase.swift in Sources */,
				B8036BA02363798300792E59 /* MasterViewController.swift in Sources */,
				B8036BB92364120100792E59 /* CharactersModel.swift in Sources */,
				B8036B9E2363798300792E59 /* AppDelegate.swift in Sources */,
			);
			runOnlyForDeploymentPostprocessing = 0;
		};
/* End PBXSourcesBuildPhase section */

/* Begin PBXVariantGroup section */
		B8036BA32363798300792E59 /* Main.storyboard */ = {
			isa = PBXVariantGroup;
			children = (
				B8036BA42363798300792E59 /* Base */,
			);
			name = Main.storyboard;
			sourceTree = "<group>";
		};
		B8036BA82363798500792E59 /* LaunchScreen.storyboard */ = {
			isa = PBXVariantGroup;
			children = (
				B8036BA92363798500792E59 /* Base */,
			);
			name = LaunchScreen.storyboard;
			sourceTree = "<group>";
		};
/* End PBXVariantGroup section */

/* Begin XCBuildConfiguration section */
		B8036BAC2363798500792E59 /* Debug */ = {
			isa = XCBuildConfiguration;
			buildSettings = {
				ALWAYS_SEARCH_USER_PATHS = NO;
				CLANG_ANALYZER_NONNULL = YES;
				CLANG_ANALYZER_NUMBER_OBJECT_CONVERSION = YES_AGGRESSIVE;
				CLANG_CXX_LANGUAGE_STANDARD = "gnu++14";
				CLANG_CXX_LIBRARY = "libc++";
				CLANG_ENABLE_MODULES = YES;
				CLANG_ENABLE_OBJC_ARC = YES;
				CLANG_ENABLE_OBJC_WEAK = YES;
				CLANG_WARN_BLOCK_CAPTURE_AUTORELEASING = YES;
				CLANG_WARN_BOOL_CONVERSION = YES;
				CLANG_WARN_COMMA = YES;
				CLANG_WARN_CONSTANT_CONVERSION = YES;
				CLANG_WARN_DEPRECATED_OBJC_IMPLEMENTATIONS = YES;
				CLANG_WARN_DIRECT_OBJC_ISA_USAGE = YES_ERROR;
				CLANG_WARN_DOCUMENTATION_COMMENTS = YES;
				CLANG_WARN_EMPTY_BODY = YES;
				CLANG_WARN_ENUM_CONVERSION = YES;
				CLANG_WARN_INFINITE_RECURSION = YES;
				CLANG_WARN_INT_CONVERSION = YES;
				CLANG_WARN_NON_LITERAL_NULL_CONVERSION = YES;
				CLANG_WARN_OBJC_IMPLICIT_RETAIN_SELF = YES;
				CLANG_WARN_OBJC_LITERAL_CONVERSION = YES;
				CLANG_WARN_OBJC_ROOT_CLASS = YES_ERROR;
				CLANG_WARN_RANGE_LOOP_ANALYSIS = YES;
				CLANG_WARN_STRICT_PROTOTYPES = YES;
				CLANG_WARN_SUSPICIOUS_MOVE = YES;
				CLANG_WARN_UNGUARDED_AVAILABILITY = YES_AGGRESSIVE;
				CLANG_WARN_UNREACHABLE_CODE = YES;
				CLANG_WARN__DUPLICATE_METHOD_MATCH = YES;
				CODE_SIGN_IDENTITY = "iPhone Developer";
				COPY_PHASE_STRIP = NO;
				DEBUG_INFORMATION_FORMAT = dwarf;
				ENABLE_STRICT_OBJC_MSGSEND = YES;
				ENABLE_TESTABILITY = YES;
				GCC_C_LANGUAGE_STANDARD = gnu11;
				GCC_DYNAMIC_NO_PIC = NO;
				GCC_NO_COMMON_BLOCKS = YES;
				GCC_OPTIMIZATION_LEVEL = 0;
				GCC_PREPROCESSOR_DEFINITIONS = (
					"DEBUG=1",
					"$(inherited)",
				);
				GCC_WARN_64_TO_32_BIT_CONVERSION = YES;
				GCC_WARN_ABOUT_RETURN_TYPE = YES_ERROR;
				GCC_WARN_UNDECLARED_SELECTOR = YES;
				GCC_WARN_UNINITIALIZED_AUTOS = YES_AGGRESSIVE;
				GCC_WARN_UNUSED_FUNCTION = YES;
				GCC_WARN_UNUSED_VARIABLE = YES;
				IPHONEOS_DEPLOYMENT_TARGET = 12.4;
				MTL_ENABLE_DEBUG_INFO = INCLUDE_SOURCE;
				MTL_FAST_MATH = YES;
				ONLY_ACTIVE_ARCH = YES;
				SDKROOT = iphoneos;
				SWIFT_ACTIVE_COMPILATION_CONDITIONS = DEBUG;
				SWIFT_OPTIMIZATION_LEVEL = "-Onone";
			};
			name = Debug;
		};
		B8036BAD2363798500792E59 /* Release */ = {
			isa = XCBuildConfiguration;
			buildSettings = {
				ALWAYS_SEARCH_USER_PATHS = NO;
				CLANG_ANALYZER_NONNULL = YES;
				CLANG_ANALYZER_NUMBER_OBJECT_CONVERSION = YES_AGGRESSIVE;
				CLANG_CXX_LANGUAGE_STANDARD = "gnu++14";
				CLANG_CXX_LIBRARY = "libc++";
				CLANG_ENABLE_MODULES = YES;
				CLANG_ENABLE_OBJC_ARC = YES;
				CLANG_ENABLE_OBJC_WEAK = YES;
				CLANG_WARN_BLOCK_CAPTURE_AUTORELEASING = YES;
				CLANG_WARN_BOOL_CONVERSION = YES;
				CLANG_WARN_COMMA = YES;
				CLANG_WARN_CONSTANT_CONVERSION = YES;
				CLANG_WARN_DEPRECATED_OBJC_IMPLEMENTATIONS = YES;
				CLANG_WARN_DIRECT_OBJC_ISA_USAGE = YES_ERROR;
				CLANG_WARN_DOCUMENTATION_COMMENTS = YES;
				CLANG_WARN_EMPTY_BODY = YES;
				CLANG_WARN_ENUM_CONVERSION = YES;
				CLANG_WARN_INFINITE_RECURSION = YES;
				CLANG_WARN_INT_CONVERSION = YES;
				CLANG_WARN_NON_LITERAL_NULL_CONVERSION = YES;
				CLANG_WARN_OBJC_IMPLICIT_RETAIN_SELF = YES;
				CLANG_WARN_OBJC_LITERAL_CONVERSION = YES;
				CLANG_WARN_OBJC_ROOT_CLASS = YES_ERROR;
				CLANG_WARN_RANGE_LOOP_ANALYSIS = YES;
				CLANG_WARN_STRICT_PROTOTYPES = YES;
				CLANG_WARN_SUSPICIOUS_MOVE = YES;
				CLANG_WARN_UNGUARDED_AVAILABILITY = YES_AGGRESSIVE;
				CLANG_WARN_UNREACHABLE_CODE = YES;
				CLANG_WARN__DUPLICATE_METHOD_MATCH = YES;
				CODE_SIGN_IDENTITY = "iPhone Developer";
				COPY_PHASE_STRIP = NO;
				DEBUG_INFORMATION_FORMAT = "dwarf-with-dsym";
				ENABLE_NS_ASSERTIONS = NO;
				ENABLE_STRICT_OBJC_MSGSEND = YES;
				GCC_C_LANGUAGE_STANDARD = gnu11;
				GCC_NO_COMMON_BLOCKS = YES;
				GCC_WARN_64_TO_32_BIT_CONVERSION = YES;
				GCC_WARN_ABOUT_RETURN_TYPE = YES_ERROR;
				GCC_WARN_UNDECLARED_SELECTOR = YES;
				GCC_WARN_UNINITIALIZED_AUTOS = YES_AGGRESSIVE;
				GCC_WARN_UNUSED_FUNCTION = YES;
				GCC_WARN_UNUSED_VARIABLE = YES;
				IPHONEOS_DEPLOYMENT_TARGET = 12.4;
				MTL_ENABLE_DEBUG_INFO = NO;
				MTL_FAST_MATH = YES;
				SDKROOT = iphoneos;
				SWIFT_COMPILATION_MODE = wholemodule;
				SWIFT_OPTIMIZATION_LEVEL = "-O";
				VALIDATE_PRODUCT = YES;
			};
			name = Release;
		};
		B8036BAF2363798500792E59 /* Debug */ = {
			isa = XCBuildConfiguration;
			baseConfigurationReference = 542F2821F49E9076BDAA4194 /* Pods-Characters.debug.xcconfig */;
			buildSettings = {
				APP_NAME = "";
				ASSETCATALOG_COMPILER_APPICON_NAME = AppIcon;
				BUNDLE_NAME = "";
				CODE_SIGN_STYLE = Automatic;
				DATA_API = "";
				DEVELOPMENT_TEAM = NDV9A5HKFK;
				INFOPLIST_FILE = Characters/Info.plist;
				IPHONEOS_DEPLOYMENT_TARGET = 12.0;
				LD_RUNPATH_SEARCH_PATHS = (
					"$(inherited)",
					"@executable_path/Frameworks",
				);
				PRODUCT_BUNDLE_IDENTIFIER = sujananth.Characters;
				PRODUCT_NAME = "$(TARGET_NAME)";
				SWIFT_VERSION = 5.0;
				TARGETED_DEVICE_FAMILY = "1,2";
			};
			name = Debug;
		};
		B8036BB02363798500792E59 /* Release */ = {
			isa = XCBuildConfiguration;
			baseConfigurationReference = 4F87B4274590B90BB45D4924 /* Pods-Characters.release.xcconfig */;
			buildSettings = {
				APP_NAME = "";
				ASSETCATALOG_COMPILER_APPICON_NAME = AppIcon;
				BUNDLE_NAME = "";
				CODE_SIGN_STYLE = Automatic;
				DATA_API = "";
				DEVELOPMENT_TEAM = NDV9A5HKFK;
				INFOPLIST_FILE = Characters/Info.plist;
				IPHONEOS_DEPLOYMENT_TARGET = 12.0;
				LD_RUNPATH_SEARCH_PATHS = (
					"$(inherited)",
					"@executable_path/Frameworks",
				);
				PRODUCT_BUNDLE_IDENTIFIER = sujananth.Characters;
				PRODUCT_NAME = "$(TARGET_NAME)";
				SWIFT_VERSION = 5.0;
				TARGETED_DEVICE_FAMILY = "1,2";
			};
			name = Release;
		};
		B8036BB123637BC800792E59 /* SimpsonsCharacters */ = {
			isa = XCBuildConfiguration;
			buildSettings = {
				ALWAYS_SEARCH_USER_PATHS = NO;
				CLANG_ANALYZER_NONNULL = YES;
				CLANG_ANALYZER_NUMBER_OBJECT_CONVERSION = YES_AGGRESSIVE;
				CLANG_CXX_LANGUAGE_STANDARD = "gnu++14";
				CLANG_CXX_LIBRARY = "libc++";
				CLANG_ENABLE_MODULES = YES;
				CLANG_ENABLE_OBJC_ARC = YES;
				CLANG_ENABLE_OBJC_WEAK = YES;
				CLANG_WARN_BLOCK_CAPTURE_AUTORELEASING = YES;
				CLANG_WARN_BOOL_CONVERSION = YES;
				CLANG_WARN_COMMA = YES;
				CLANG_WARN_CONSTANT_CONVERSION = YES;
				CLANG_WARN_DEPRECATED_OBJC_IMPLEMENTATIONS = YES;
				CLANG_WARN_DIRECT_OBJC_ISA_USAGE = YES_ERROR;
				CLANG_WARN_DOCUMENTATION_COMMENTS = YES;
				CLANG_WARN_EMPTY_BODY = YES;
				CLANG_WARN_ENUM_CONVERSION = YES;
				CLANG_WARN_INFINITE_RECURSION = YES;
				CLANG_WARN_INT_CONVERSION = YES;
				CLANG_WARN_NON_LITERAL_NULL_CONVERSION = YES;
				CLANG_WARN_OBJC_IMPLICIT_RETAIN_SELF = YES;
				CLANG_WARN_OBJC_LITERAL_CONVERSION = YES;
				CLANG_WARN_OBJC_ROOT_CLASS = YES_ERROR;
				CLANG_WARN_RANGE_LOOP_ANALYSIS = YES;
				CLANG_WARN_STRICT_PROTOTYPES = YES;
				CLANG_WARN_SUSPICIOUS_MOVE = YES;
				CLANG_WARN_UNGUARDED_AVAILABILITY = YES_AGGRESSIVE;
				CLANG_WARN_UNREACHABLE_CODE = YES;
				CLANG_WARN__DUPLICATE_METHOD_MATCH = YES;
				CODE_SIGN_IDENTITY = "iPhone Developer";
				COPY_PHASE_STRIP = NO;
				DEBUG_INFORMATION_FORMAT = dwarf;
				ENABLE_STRICT_OBJC_MSGSEND = YES;
				ENABLE_TESTABILITY = YES;
				GCC_C_LANGUAGE_STANDARD = gnu11;
				GCC_DYNAMIC_NO_PIC = NO;
				GCC_NO_COMMON_BLOCKS = YES;
				GCC_OPTIMIZATION_LEVEL = 0;
				GCC_PREPROCESSOR_DEFINITIONS = (
					"DEBUG=1",
					"$(inherited)",
				);
				GCC_WARN_64_TO_32_BIT_CONVERSION = YES;
				GCC_WARN_ABOUT_RETURN_TYPE = YES_ERROR;
				GCC_WARN_UNDECLARED_SELECTOR = YES;
				GCC_WARN_UNINITIALIZED_AUTOS = YES_AGGRESSIVE;
				GCC_WARN_UNUSED_FUNCTION = YES;
				GCC_WARN_UNUSED_VARIABLE = YES;
				IPHONEOS_DEPLOYMENT_TARGET = 12.4;
				MTL_ENABLE_DEBUG_INFO = INCLUDE_SOURCE;
				MTL_FAST_MATH = YES;
				ONLY_ACTIVE_ARCH = YES;
				SDKROOT = iphoneos;
				SWIFT_ACTIVE_COMPILATION_CONDITIONS = DEBUG;
				SWIFT_OPTIMIZATION_LEVEL = "-Onone";
			};
			name = SimpsonsCharacters;
		};
		B8036BB223637BC800792E59 /* SimpsonsCharacters */ = {
			isa = XCBuildConfiguration;
			baseConfigurationReference = 12AE87CA24F425B769786A9C /* Pods-Characters.simpsonscharacters.xcconfig */;
			buildSettings = {
				APP_NAME = "Simpsons Character Viewer";
				ASSETCATALOG_COMPILER_APPICON_NAME = AppIcon;
				BUNDLE_NAME = com.sample.simpsonsviewer;
				CODE_SIGN_STYLE = Automatic;
				DATA_API = "http://api.duckduckgo.com/?q=simpsons+characters&amp;format=json";
				DEVELOPMENT_TEAM = NDV9A5HKFK;
				INFOPLIST_FILE = Characters/Info.plist;
				IPHONEOS_DEPLOYMENT_TARGET = 12.0;
				LD_RUNPATH_SEARCH_PATHS = (
					"$(inherited)",
					"@executable_path/Frameworks",
				);
				PRODUCT_BUNDLE_IDENTIFIER = sujananth.Characters;
				PRODUCT_NAME = "$(TARGET_NAME)";
				SWIFT_VERSION = 5.0;
				TARGETED_DEVICE_FAMILY = "1,2";
			};
			name = SimpsonsCharacters;
		};
		B8036BB323637C5D00792E59 /* WireCharacters */ = {
			isa = XCBuildConfiguration;
			buildSettings = {
				ALWAYS_SEARCH_USER_PATHS = NO;
				CLANG_ANALYZER_NONNULL = YES;
				CLANG_ANALYZER_NUMBER_OBJECT_CONVERSION = YES_AGGRESSIVE;
				CLANG_CXX_LANGUAGE_STANDARD = "gnu++14";
				CLANG_CXX_LIBRARY = "libc++";
				CLANG_ENABLE_MODULES = YES;
				CLANG_ENABLE_OBJC_ARC = YES;
				CLANG_ENABLE_OBJC_WEAK = YES;
				CLANG_WARN_BLOCK_CAPTURE_AUTORELEASING = YES;
				CLANG_WARN_BOOL_CONVERSION = YES;
				CLANG_WARN_COMMA = YES;
				CLANG_WARN_CONSTANT_CONVERSION = YES;
				CLANG_WARN_DEPRECATED_OBJC_IMPLEMENTATIONS = YES;
				CLANG_WARN_DIRECT_OBJC_ISA_USAGE = YES_ERROR;
				CLANG_WARN_DOCUMENTATION_COMMENTS = YES;
				CLANG_WARN_EMPTY_BODY = YES;
				CLANG_WARN_ENUM_CONVERSION = YES;
				CLANG_WARN_INFINITE_RECURSION = YES;
				CLANG_WARN_INT_CONVERSION = YES;
				CLANG_WARN_NON_LITERAL_NULL_CONVERSION = YES;
				CLANG_WARN_OBJC_IMPLICIT_RETAIN_SELF = YES;
				CLANG_WARN_OBJC_LITERAL_CONVERSION = YES;
				CLANG_WARN_OBJC_ROOT_CLASS = YES_ERROR;
				CLANG_WARN_RANGE_LOOP_ANALYSIS = YES;
				CLANG_WARN_STRICT_PROTOTYPES = YES;
				CLANG_WARN_SUSPICIOUS_MOVE = YES;
				CLANG_WARN_UNGUARDED_AVAILABILITY = YES_AGGRESSIVE;
				CLANG_WARN_UNREACHABLE_CODE = YES;
				CLANG_WARN__DUPLICATE_METHOD_MATCH = YES;
				CODE_SIGN_IDENTITY = "iPhone Developer";
				COPY_PHASE_STRIP = NO;
				DEBUG_INFORMATION_FORMAT = dwarf;
				ENABLE_STRICT_OBJC_MSGSEND = YES;
				ENABLE_TESTABILITY = YES;
				GCC_C_LANGUAGE_STANDARD = gnu11;
				GCC_DYNAMIC_NO_PIC = NO;
				GCC_NO_COMMON_BLOCKS = YES;
				GCC_OPTIMIZATION_LEVEL = 0;
				GCC_PREPROCESSOR_DEFINITIONS = (
					"DEBUG=1",
					"$(inherited)",
				);
				GCC_WARN_64_TO_32_BIT_CONVERSION = YES;
				GCC_WARN_ABOUT_RETURN_TYPE = YES_ERROR;
				GCC_WARN_UNDECLARED_SELECTOR = YES;
				GCC_WARN_UNINITIALIZED_AUTOS = YES_AGGRESSIVE;
				GCC_WARN_UNUSED_FUNCTION = YES;
				GCC_WARN_UNUSED_VARIABLE = YES;
				IPHONEOS_DEPLOYMENT_TARGET = 12.4;
				MTL_ENABLE_DEBUG_INFO = INCLUDE_SOURCE;
				MTL_FAST_MATH = YES;
				ONLY_ACTIVE_ARCH = YES;
				SDKROOT = iphoneos;
				SWIFT_ACTIVE_COMPILATION_CONDITIONS = DEBUG;
				SWIFT_OPTIMIZATION_LEVEL = "-Onone";
			};
			name = WireCharacters;
		};
		B8036BB423637C5D00792E59 /* WireCharacters */ = {
			isa = XCBuildConfiguration;
			baseConfigurationReference = 72D3367D2D3C0E13893BF27A /* Pods-Characters.wirecharacters.xcconfig */;
			buildSettings = {
				APP_NAME = "The Wire Character Viewer";
				ASSETCATALOG_COMPILER_APPICON_NAME = AppIcon;
				BUNDLE_NAME = com.sample.wireviewer;
				CODE_SIGN_STYLE = Automatic;
				DATA_API = "http://api.duckduckgo.com/?q=the+wire+characters&amp;format=json";
				DEVELOPMENT_TEAM = NDV9A5HKFK;
				INFOPLIST_FILE = Characters/Info.plist;
				IPHONEOS_DEPLOYMENT_TARGET = 12.0;
				LD_RUNPATH_SEARCH_PATHS = (
					"$(inherited)",
					"@executable_path/Frameworks",
				);
				PRODUCT_BUNDLE_IDENTIFIER = sujananth.Characters;
				PRODUCT_NAME = "$(TARGET_NAME)";
				SWIFT_VERSION = 5.0;
				TARGETED_DEVICE_FAMILY = "1,2";
			};
			name = WireCharacters;
		};
/* End XCBuildConfiguration section */

/* Begin XCConfigurationList section */
		B8036B952363798300792E59 /* Build configuration list for PBXProject "Characters" */ = {
			isa = XCConfigurationList;
			buildConfigurations = (
				B8036BAC2363798500792E59 /* Debug */,
				B8036BB323637C5D00792E59 /* WireCharacters */,
				B8036BB123637BC800792E59 /* SimpsonsCharacters */,
				B8036BAD2363798500792E59 /* Release */,
			);
			defaultConfigurationIsVisible = 0;
			defaultConfigurationName = Release;
		};
		B8036BAE2363798500792E59 /* Build configuration list for PBXNativeTarget "Characters" */ = {
			isa = XCConfigurationList;
			buildConfigurations = (
				B8036BAF2363798500792E59 /* Debug */,
				B8036BB423637C5D00792E59 /* WireCharacters */,
				B8036BB223637BC800792E59 /* SimpsonsCharacters */,
				B8036BB02363798500792E59 /* Release */,
			);
			defaultConfigurationIsVisible = 0;
			defaultConfigurationName = Release;
		};
/* End XCConfigurationList section */
	};
	rootObject = B8036B922363798300792E59 /* Project object */;
}
